
Microsoft Visual Studio Solution File, Format Version 12.00
# Visual Studio Version 16
VisualStudioVersion = 16.0.28803.156
MinimumVisualStudioVersion = 10.0.40219.1
Project("{FAE04EC0-301F-11D3-BF4B-00C04F79EFBC}") = "StopWatchInterval", "StopWatchInterval\StopWatchInterval.csproj", "{5A1B438E-EA4E-4113-A079-285F7DAD5942}"
EndProject
Global
	GlobalSection(SolutionConfigurationPlatforms) = preSolution
		Debug|Any CPU = Debug|Any CPU
		Release|Any CPU = Release|Any CPU
	EndGlobalSection
	GlobalSection(ProjectConfigurationPlatforms) = postSolution
		{5A1B438E-EA4E-4113-A079-285F7DAD5942}.Debug|Any CPU.ActiveCfg = Debug|Any CPU
		{5A1B438E-EA4E-4113-A079-285F7DAD5942}.Debug|Any CPU.Build.0 = Debug|Any CPU
		{5A1B438E-EA4E-4113-A079-285F7DAD5942}.Release|Any CPU.ActiveCfg = Release|Any CPU
		{5A1B438E-EA4E-4113-A079-285F7DAD5942}.Release|Any CPU.Build.0 = Release|Any CPU
	EndGlobalSection
	GlobalSection(SolutionProperties) = preSolution
		HideSolutionNode = FALSE
	EndGlobalSection
	GlobalSection(ExtensibilityGlobals) = postSolution
		SolutionGuid = {986DB981-1C48-4A5A-B26A-4E8369619858}
	EndGlobalSection
EndGlobal
